<?xml version="1.0" encoding="utf-8"?>
<Project ToolsVersion="4.0" xmlns="http://schemas.microsoft.com/developer/msbuild/2003">
  <ItemGroup>
    <Filter Include="Source Files">
      <UniqueIdentifier>{4FC737F1-C7A5-4376-A066-2A32D752A2FF}</UniqueIdentifier>
      <Extensions>cpp;c;cc;cxx;c++;cppm;ixx;def;odl;idl;hpj;bat;asm;asmx</Extensions>
    </Filter>
    <Filter Include="Header Files">
      <UniqueIdentifier>{93995380-89BD-4b04-88EB-625FBE52EBFB}</UniqueIdentifier>
      <Extensions>h;hh;hpp;hxx;h++;hm;inl;inc;ipp;xsd</Extensions>
    </Filter>
    <Filter Include="Resource Files">
      <UniqueIdentifier>{67DA6AB6-F800-4c08-8B7A-83BB121AAD01}</UniqueIdentifier>
      <Extensions>rc;ico;cur;bmp;dlg;rc2;rct;bin;rgs;gif;jpg;jpeg;jpe;resx;tiff;tif;png;wav;mfcribbon-ms</Extensions>
    </Filter>
    <Filter Include="Source Files\EnvSim GUI">
      <UniqueIdentifier>{2e57f7fd-1d78-456c-80b0-d7f800a98e4b}</UniqueIdentifier>
    </Filter>
    <Filter Include="Source Files\EnvSim GUI\imgui">
      <UniqueIdentifier>{ad4ad16e-cc0c-42b0-99ba-07ac28f17ced}</UniqueIdentifier>
    </Filter>
    <Filter Include="Header Files\imgui">
      <UniqueIdentifier>{6e7a6d99-023f-470d-ae27-d7eabd2fbfc3}</UniqueIdentifier>
    </Filter>
    <Filter Include="Source Files\LearningPhase">
      <UniqueIdentifier>{877d6958-8b49-4fea-a1f9-9033215f87b3}</UniqueIdentifier>
    </Filter>
  </ItemGroup>
  <ItemGroup>
    <ClCompile Include="main.cpp">
      <Filter>Source Files</Filter>
    </ClCompile>
    <ClCompile Include="EnvSim GUI\glad.c">
      <Filter>Source Files\EnvSim GUI</Filter>
    </ClCompile>
    <ClCompile Include="EnvSim GUI\window.cpp">
      <Filter>Source Files\EnvSim GUI</Filter>
    </ClCompile>
    <ClCompile Include="EnvSim GUI\imgui\imgui_draw.cpp">
      <Filter>Source Files\EnvSim GUI\imgui</Filter>
    </ClCompile>
    <ClCompile Include="EnvSim GUI\imgui\imgui_impl_glfw.cpp">
      <Filter>Source Files\EnvSim GUI\imgui</Filter>
    </ClCompile>
    <ClCompile Include="EnvSim GUI\imgui\imgui_impl_opengl3.cpp">
      <Filter>Source Files\EnvSim GUI\imgui</Filter>
    </ClCompile>
    <ClCompile Include="EnvSim GUI\imgui\imgui_tables.cpp">
      <Filter>Source Files\EnvSim GUI\imgui</Filter>
    </ClCompile>
    <ClCompile Include="EnvSim GUI\imgui\imgui_widgets.cpp">
      <Filter>Source Files\EnvSim GUI\imgui</Filter>
    </ClCompile>
    <ClCompile Include="EnvSim GUI\imgui\imgui.cpp">
      <Filter>Source Files\EnvSim GUI\imgui</Filter>
    </ClCompile>
    <ClCompile Include="EnvSim GUI\imgui\imgui_demo.cpp">
      <Filter>Source Files\EnvSim GUI\imgui</Filter>
    </ClCompile>
    <ClCompile Include="LearningPhase\AnimalModel.cpp">
      <Filter>Source Files\LearningPhase</Filter>
    </ClCompile>
    <ClCompile Include="EnvSim GUI\AnimalCell.cpp">
      <Filter>Source Files\EnvSim GUI</Filter>
    </ClCompile>
    <ClCompile Include="Environment.cpp">
      <Filter>Source Files\EnvSim GUI</Filter>
    </ClCompile>
    <ClCompile Include="LearningPhase\openNN.cpp">
      <Filter>Source Files\LearningPhase</Filter>
    </ClCompile>
  </ItemGroup>
  <ItemGroup>
    <ClInclude Include="EnvSim GUI\imgui\imgui.h">
      <Filter>Header Files\imgui</Filter>
    </ClInclude>
    <ClInclude Include="EnvSim GUI\imgui\imgui_impl_glfw.h">
      <Filter>Header Files\imgui</Filter>
    </ClInclude>
    <ClInclude Include="EnvSim GUI\imgui\imgui_impl_opengl3.h">
      <Filter>Header Files\imgui</Filter>
    </ClInclude>
    <ClInclude Include="EnvSim GUI\imgui\imgui_internal.h">
      <Filter>Header Files\imgui</Filter>
    </ClInclude>
    <ClInclude Include="EnvSim GUI\imgui\imstb_rectpack.h">
      <Filter>Header Files\imgui</Filter>
    </ClInclude>
    <ClInclude Include="EnvSim GUI\imgui\imstb_textedit.h">
      <Filter>Header Files\imgui</Filter>
    </ClInclude>
    <ClInclude Include="EnvSim GUI\imgui\imstb_truetype.h">
      <Filter>Header Files\imgui</Filter>
    </ClInclude>
    <ClInclude Include="EnvSim GUI\imgui\imconfig.h">
      <Filter>Header Files\imgui</Filter>
    </ClInclude>
    <ClInclude Include="EnvSim GUI\imgui\imgui_impl_opengl3_loader.h">
      <Filter>Header Files\imgui</Filter>
    </ClInclude>
    <ClInclude Include="Simulation.h">
      <Filter>Header Files</Filter>
    </ClInclude>
    <ClInclude Include="LearningPhase\AnimalModel.h">
      <Filter>Header Files</Filter>
    </ClInclude>
    <ClInclude Include="LearningPhase\ELP.h">
      <Filter>Header Files</Filter>
    </ClInclude>
    <ClInclude Include="EnvSim GUI\AnimalCell.h">
      <Filter>Header Files</Filter>
    </ClInclude>
    <ClInclude Include="EnvSim GUI\Display.h">
      <Filter>Header Files</Filter>
    </ClInclude>
    <ClInclude Include="EnvSim GUI\window.h">
      <Filter>Header Files</Filter>
    </ClInclude>
    <ClInclude Include="Environment.h">
      <Filter>Header Files</Filter>
    </ClInclude>
    <ClInclude Include="LearningPhase\openNN.h">
      <Filter>Source Files\LearningPhase</Filter>
    </ClInclude>
  </ItemGroup>
  <ItemGroup>
    <None Include="index.html">
      <Filter>Source Files</Filter>
    </None>
  </ItemGroup>
</Project>